
Microsoft Visual Studio Solution File, Format Version 12.00
# Visual Studio Version 17
VisualStudioVersion = 17.11.35222.181
MinimumVisualStudioVersion = 10.0.40219.1
Project("{FAE04EC0-301F-11D3-BF4B-00C04F79EFBC}") = "Project_5-2_Data_Validation_Sean_Version", "Project_5-2_Data_Validation_Sean_Version\Project_5-2_Data_Validation_Sean_Version.csproj", "{2A3FA354-2343-4FD6-8B01-BD722B5ED50A}"
EndProject
Global
	GlobalSection(SolutionConfigurationPlatforms) = preSolution
		Debug|Any CPU = Debug|Any CPU
		Release|Any CPU = Release|Any CPU
	EndGlobalSection
	GlobalSection(ProjectConfigurationPlatforms) = postSolution
		{2A3FA354-2343-4FD6-8B01-BD722B5ED50A}.Debug|Any CPU.ActiveCfg = Debug|Any CPU
		{2A3FA354-2343-4FD6-8B01-BD722B5ED50A}.Debug|Any CPU.Build.0 = Debug|Any CPU
		{2A3FA354-2343-4FD6-8B01-BD722B5ED50A}.Release|Any CPU.ActiveCfg = Release|Any CPU
		{2A3FA354-2343-4FD6-8B01-BD722B5ED50A}.Release|Any CPU.Build.0 = Release|Any CPU
	EndGlobalSection
	GlobalSection(SolutionProperties) = preSolution
		HideSolutionNode = FALSE
	EndGlobalSection
	GlobalSection(ExtensibilityGlobals) = postSolution
		SolutionGuid = {30240A1F-554A-49BC-A504-24EE3E18A878}
	EndGlobalSection
EndGlobal
