
Microsoft Visual Studio Solution File, Format Version 12.00
# Visual Studio Version 17
VisualStudioVersion = 17.2.32616.157
MinimumVisualStudioVersion = 10.0.40219.1
Project("{FAE04EC0-301F-11D3-BF4B-00C04F79EFBC}") = "Ch04Demos01", "Ch04Demos01\Ch04Demos01.csproj", "{BC3A11D6-6BAC-414D-8C02-B8E6FEFEFF8C}"
EndProject
Global
	GlobalSection(SolutionConfigurationPlatforms) = preSolution
		Debug|Any CPU = Debug|Any CPU
		Release|Any CPU = Release|Any CPU
	EndGlobalSection
	GlobalSection(ProjectConfigurationPlatforms) = postSolution
		{BC3A11D6-6BAC-414D-8C02-B8E6FEFEFF8C}.Debug|Any CPU.ActiveCfg = Debug|Any CPU
		{BC3A11D6-6BAC-414D-8C02-B8E6FEFEFF8C}.Debug|Any CPU.Build.0 = Debug|Any CPU
		{BC3A11D6-6BAC-414D-8C02-B8E6FEFEFF8C}.Release|Any CPU.ActiveCfg = Release|Any CPU
		{BC3A11D6-6BAC-414D-8C02-B8E6FEFEFF8C}.Release|Any CPU.Build.0 = Release|Any CPU
	EndGlobalSection
	GlobalSection(SolutionProperties) = preSolution
		HideSolutionNode = FALSE
	EndGlobalSection
	GlobalSection(ExtensibilityGlobals) = postSolution
		SolutionGuid = {A89FFC20-EC94-47EA-86C5-775FCF172EBD}
	EndGlobalSection
EndGlobal
