
Microsoft Visual Studio Solution File, Format Version 12.00
# Visual Studio Version 17
VisualStudioVersion = 17.11.35222.181
MinimumVisualStudioVersion = 10.0.40219.1
Project("{FAE04EC0-301F-11D3-BF4B-00C04F79EFBC}") = "People", "People\People.csproj", "{3746082A-9884-408A-9AB5-B2F7983B5C9A}"
EndProject
Global
	GlobalSection(SolutionConfigurationPlatforms) = preSolution
		Debug|Any CPU = Debug|Any CPU
		Release|Any CPU = Release|Any CPU
	EndGlobalSection
	GlobalSection(ProjectConfigurationPlatforms) = postSolution
		{3746082A-9884-408A-9AB5-B2F7983B5C9A}.Debug|Any CPU.ActiveCfg = Debug|Any CPU
		{3746082A-9884-408A-9AB5-B2F7983B5C9A}.Debug|Any CPU.Build.0 = Debug|Any CPU
		{3746082A-9884-408A-9AB5-B2F7983B5C9A}.Release|Any CPU.ActiveCfg = Release|Any CPU
		{3746082A-9884-408A-9AB5-B2F7983B5C9A}.Release|Any CPU.Build.0 = Release|Any CPU
	EndGlobalSection
	GlobalSection(SolutionProperties) = preSolution
		HideSolutionNode = FALSE
	EndGlobalSection
	GlobalSection(ExtensibilityGlobals) = postSolution
		SolutionGuid = {D267BB9C-77E8-438A-8135-4F5FBE3823F9}
	EndGlobalSection
EndGlobal
