
Microsoft Visual Studio Solution File, Format Version 12.00
# Visual Studio Version 17
VisualStudioVersion = 17.11.35222.181
MinimumVisualStudioVersion = 10.0.40219.1
Project("{FAE04EC0-301F-11D3-BF4B-00C04F79EFBC}") = "murachProductManager", "murachProductManager\murachProductManager.csproj", "{8488A77D-0542-484E-9845-9F0C7F7D14C6}"
EndProject
Global
	GlobalSection(SolutionConfigurationPlatforms) = preSolution
		Debug|Any CPU = Debug|Any CPU
		Release|Any CPU = Release|Any CPU
	EndGlobalSection
	GlobalSection(ProjectConfigurationPlatforms) = postSolution
		{8488A77D-0542-484E-9845-9F0C7F7D14C6}.Debug|Any CPU.ActiveCfg = Debug|Any CPU
		{8488A77D-0542-484E-9845-9F0C7F7D14C6}.Debug|Any CPU.Build.0 = Debug|Any CPU
		{8488A77D-0542-484E-9845-9F0C7F7D14C6}.Release|Any CPU.ActiveCfg = Release|Any CPU
		{8488A77D-0542-484E-9845-9F0C7F7D14C6}.Release|Any CPU.Build.0 = Release|Any CPU
	EndGlobalSection
	GlobalSection(SolutionProperties) = preSolution
		HideSolutionNode = FALSE
	EndGlobalSection
	GlobalSection(ExtensibilityGlobals) = postSolution
		SolutionGuid = {5CD3731B-F5CA-49E8-BF72-C314D3DC205C}
	EndGlobalSection
EndGlobal
