
Microsoft Visual Studio Solution File, Format Version 12.00
# Visual Studio Version 17
VisualStudioVersion = 17.11.35222.181
MinimumVisualStudioVersion = 10.0.40219.1
Project("{FAE04EC0-301F-11D3-BF4B-00C04F79EFBC}") = "BankingDemo", "BankingDemo\BankingDemo.csproj", "{431D751A-B2BE-46FC-83F5-739B0F5A86F1}"
EndProject
Global
	GlobalSection(SolutionConfigurationPlatforms) = preSolution
		Debug|Any CPU = Debug|Any CPU
		Release|Any CPU = Release|Any CPU
	EndGlobalSection
	GlobalSection(ProjectConfigurationPlatforms) = postSolution
		{431D751A-B2BE-46FC-83F5-739B0F5A86F1}.Debug|Any CPU.ActiveCfg = Debug|Any CPU
		{431D751A-B2BE-46FC-83F5-739B0F5A86F1}.Debug|Any CPU.Build.0 = Debug|Any CPU
		{431D751A-B2BE-46FC-83F5-739B0F5A86F1}.Release|Any CPU.ActiveCfg = Release|Any CPU
		{431D751A-B2BE-46FC-83F5-739B0F5A86F1}.Release|Any CPU.Build.0 = Release|Any CPU
	EndGlobalSection
	GlobalSection(SolutionProperties) = preSolution
		HideSolutionNode = FALSE
	EndGlobalSection
	GlobalSection(ExtensibilityGlobals) = postSolution
		SolutionGuid = {6E45DCC3-DFA9-4E53-B736-9403CED188DB}
	EndGlobalSection
EndGlobal
