
Microsoft Visual Studio Solution File, Format Version 12.00
# Visual Studio Version 17
VisualStudioVersion = 17.11.35222.181
MinimumVisualStudioVersion = 10.0.40219.1
Project("{FAE04EC0-301F-11D3-BF4B-00C04F79EFBC}") = "Ch017FileIO", "Ch017FileIO\Ch017FileIO.csproj", "{D0EC35C6-9CD6-4359-BCF7-816E68120923}"
EndProject
Global
	GlobalSection(SolutionConfigurationPlatforms) = preSolution
		Debug|Any CPU = Debug|Any CPU
		Release|Any CPU = Release|Any CPU
	EndGlobalSection
	GlobalSection(ProjectConfigurationPlatforms) = postSolution
		{D0EC35C6-9CD6-4359-BCF7-816E68120923}.Debug|Any CPU.ActiveCfg = Debug|Any CPU
		{D0EC35C6-9CD6-4359-BCF7-816E68120923}.Debug|Any CPU.Build.0 = Debug|Any CPU
		{D0EC35C6-9CD6-4359-BCF7-816E68120923}.Release|Any CPU.ActiveCfg = Release|Any CPU
		{D0EC35C6-9CD6-4359-BCF7-816E68120923}.Release|Any CPU.Build.0 = Release|Any CPU
	EndGlobalSection
	GlobalSection(SolutionProperties) = preSolution
		HideSolutionNode = FALSE
	EndGlobalSection
	GlobalSection(ExtensibilityGlobals) = postSolution
		SolutionGuid = {B1564D84-BC70-4A0F-8427-85D3E646A79D}
	EndGlobalSection
EndGlobal
