
Microsoft Visual Studio Solution File, Format Version 12.00
# Visual Studio Version 17
VisualStudioVersion = 17.11.35222.181
MinimumVisualStudioVersion = 10.0.40219.1
Project("{FAE04EC0-301F-11D3-BF4B-00C04F79EFBC}") = "Ch08example-projects_arrays", "Ch08example-projects_arrays\Ch08example-projects_arrays.csproj", "{39C9C906-282C-4442-98DD-9E9E0B7A206B}"
EndProject
Global
	GlobalSection(SolutionConfigurationPlatforms) = preSolution
		Debug|Any CPU = Debug|Any CPU
		Release|Any CPU = Release|Any CPU
	EndGlobalSection
	GlobalSection(ProjectConfigurationPlatforms) = postSolution
		{39C9C906-282C-4442-98DD-9E9E0B7A206B}.Debug|Any CPU.ActiveCfg = Debug|Any CPU
		{39C9C906-282C-4442-98DD-9E9E0B7A206B}.Debug|Any CPU.Build.0 = Debug|Any CPU
		{39C9C906-282C-4442-98DD-9E9E0B7A206B}.Release|Any CPU.ActiveCfg = Release|Any CPU
		{39C9C906-282C-4442-98DD-9E9E0B7A206B}.Release|Any CPU.Build.0 = Release|Any CPU
	EndGlobalSection
	GlobalSection(SolutionProperties) = preSolution
		HideSolutionNode = FALSE
	EndGlobalSection
	GlobalSection(ExtensibilityGlobals) = postSolution
		SolutionGuid = {1A41A6DD-BC8E-4A55-87AF-3CBAE1365F81}
	EndGlobalSection
EndGlobal
