
Microsoft Visual Studio Solution File, Format Version 12.00
# Visual Studio Version 17
VisualStudioVersion = 17.11.35222.181
MinimumVisualStudioVersion = 10.0.40219.1
Project("{FAE04EC0-301F-11D3-BF4B-00C04F79EFBC}") = "Make_Chocolate_Class_Demo", "Make_Chocolate_Class_Demo\Make_Chocolate_Class_Demo.csproj", "{985C599E-0EDD-4597-840A-7C7222B599D6}"
EndProject
Global
	GlobalSection(SolutionConfigurationPlatforms) = preSolution
		Debug|Any CPU = Debug|Any CPU
		Release|Any CPU = Release|Any CPU
	EndGlobalSection
	GlobalSection(ProjectConfigurationPlatforms) = postSolution
		{985C599E-0EDD-4597-840A-7C7222B599D6}.Debug|Any CPU.ActiveCfg = Debug|Any CPU
		{985C599E-0EDD-4597-840A-7C7222B599D6}.Debug|Any CPU.Build.0 = Debug|Any CPU
		{985C599E-0EDD-4597-840A-7C7222B599D6}.Release|Any CPU.ActiveCfg = Release|Any CPU
		{985C599E-0EDD-4597-840A-7C7222B599D6}.Release|Any CPU.Build.0 = Release|Any CPU
	EndGlobalSection
	GlobalSection(SolutionProperties) = preSolution
		HideSolutionNode = FALSE
	EndGlobalSection
	GlobalSection(ExtensibilityGlobals) = postSolution
		SolutionGuid = {56E6A35A-21AB-431F-80CD-052F237B87DB}
	EndGlobalSection
EndGlobal
