
Microsoft Visual Studio Solution File, Format Version 12.00
# Visual Studio Version 17
VisualStudioVersion = 17.11.35222.181
MinimumVisualStudioVersion = 10.0.40219.1
Project("{FAE04EC0-301F-11D3-BF4B-00C04F79EFBC}") = "Chapter09_demo_dates", "Chapter09_demo_dates\Chapter09_demo_dates.csproj", "{1A1BA581-28C7-4DFC-AC22-E4BC3B482C9B}"
EndProject
Global
	GlobalSection(SolutionConfigurationPlatforms) = preSolution
		Debug|Any CPU = Debug|Any CPU
		Release|Any CPU = Release|Any CPU
	EndGlobalSection
	GlobalSection(ProjectConfigurationPlatforms) = postSolution
		{1A1BA581-28C7-4DFC-AC22-E4BC3B482C9B}.Debug|Any CPU.ActiveCfg = Debug|Any CPU
		{1A1BA581-28C7-4DFC-AC22-E4BC3B482C9B}.Debug|Any CPU.Build.0 = Debug|Any CPU
		{1A1BA581-28C7-4DFC-AC22-E4BC3B482C9B}.Release|Any CPU.ActiveCfg = Release|Any CPU
		{1A1BA581-28C7-4DFC-AC22-E4BC3B482C9B}.Release|Any CPU.Build.0 = Release|Any CPU
	EndGlobalSection
	GlobalSection(SolutionProperties) = preSolution
		HideSolutionNode = FALSE
	EndGlobalSection
	GlobalSection(ExtensibilityGlobals) = postSolution
		SolutionGuid = {ED9AF469-66F5-40C2-BC99-58A0E8099A1D}
	EndGlobalSection
EndGlobal
